<Solution>
  <Folder Name="/src/">
    <Project Path="X7.Knowledge/X7.Knowledge.csproj" Id="025b0218-1535-4214-b07d-c65ce88ea87d" />
    <Project Path="X7.Knowledge.Cli/X7.Knowledge.Cli.csproj" />
  </Folder>
  <Folder Name="/tests/">
    <Project Path="X7.Knowledge.Specifications/X7.Knowledge.Specifications.csproj" Id="76e5780f-2e1c-46d0-925b-0f527ae067b7" />
    <Project Path="X7.KnowledgeTests/X7.KnowledgeTests.csproj" Id="51d86e4a-3d07-49e1-89f0-001ec7f77ae1" />
  </Folder>
  <Project Path="X7.Knowledge.Benchmark/X7.Knowledge.Benchmark.csproj" />
</Solution>
